
Microsoft Visual Studio Solution File, Format Version 11.00
# Visual Studio 2010
Project("{FAE04EC0-301F-11D3-BF4B-00C04F79EFBC}") = "Assembly-CSharp", "Assembly-CSharp.csproj", "{5c31af37-c134-4db6-1b20-b389406ade42}"
EndProject
Project("{FAE04EC0-301F-11D3-BF4B-00C04F79EFBC}") = "Assembly-CSharp-Editor", "Assembly-CSharp-Editor.csproj", "{53fc8bb0-1111-6ba1-358d-e30e83704339}"
EndProject
Global
	GlobalSection(SolutionConfigurationPlatforms) = preSolution
		Debug|Any CPU = Debug|Any CPU
	EndGlobalSection
	GlobalSection(ProjectConfigurationPlatforms) = postSolution
		{5c31af37-c134-4db6-1b20-b389406ade42}.Debug|Any CPU.ActiveCfg = Debug|Any CPU
		{5c31af37-c134-4db6-1b20-b389406ade42}.Debug|Any CPU.Build.0 = Debug|Any CPU
		{53fc8bb0-1111-6ba1-358d-e30e83704339}.Debug|Any CPU.ActiveCfg = Debug|Any CPU
		{53fc8bb0-1111-6ba1-358d-e30e83704339}.Debug|Any CPU.Build.0 = Debug|Any CPU
	EndGlobalSection
	GlobalSection(SolutionProperties) = preSolution
		HideSolutionNode = FALSE
	EndGlobalSection
EndGlobal
